
Microsoft Visual Studio Solution File, Format Version 12.00
# Visual Studio 15
VisualStudioVersion = 15.0.27004.2010
MinimumVisualStudioVersion = 10.0.40219.1
Project("{F184B08F-C81C-45F6-A57F-5ABD9991F28F}") = "5x5SevenSegmentMatrix", "5x5SevenSegmentMatrix\5x5SevenSegmentMatrix.vbproj", "{7C63830B-7635-4F0C-B24D-4785FEEC8059}"
EndProject
Global
	GlobalSection(SolutionConfigurationPlatforms) = preSolution
		Debug|Any CPU = Debug|Any CPU
		Release|Any CPU = Release|Any CPU
	EndGlobalSection
	GlobalSection(ProjectConfigurationPlatforms) = postSolution
		{7C63830B-7635-4F0C-B24D-4785FEEC8059}.Debug|Any CPU.ActiveCfg = Debug|Any CPU
		{7C63830B-7635-4F0C-B24D-4785FEEC8059}.Debug|Any CPU.Build.0 = Debug|Any CPU
		{7C63830B-7635-4F0C-B24D-4785FEEC8059}.Release|Any CPU.ActiveCfg = Release|Any CPU
		{7C63830B-7635-4F0C-B24D-4785FEEC8059}.Release|Any CPU.Build.0 = Release|Any CPU
	EndGlobalSection
	GlobalSection(SolutionProperties) = preSolution
		HideSolutionNode = FALSE
	EndGlobalSection
	GlobalSection(ExtensibilityGlobals) = postSolution
		SolutionGuid = {5B675A97-5578-487E-915F-A930ADB8D34A}
	EndGlobalSection
EndGlobal
